
Microsoft Visual Studio Solution File, Format Version 12.00
# Visual Studio Version 16
VisualStudioVersion = 16.0.31515.178
MinimumVisualStudioVersion = 10.0.40219.1
Project("{FAE04EC0-301F-11D3-BF4B-00C04F79EFBC}") = "Assignment_Update", "Assignment_Update\Assignment_Update.csproj", "{0C0D7805-01F3-4785-91E3-0BD86A84ABFC}"
EndProject
Global
	GlobalSection(SolutionConfigurationPlatforms) = preSolution
		Debug|Any CPU = Debug|Any CPU
		Release|Any CPU = Release|Any CPU
	EndGlobalSection
	GlobalSection(ProjectConfigurationPlatforms) = postSolution
		{0C0D7805-01F3-4785-91E3-0BD86A84ABFC}.Debug|Any CPU.ActiveCfg = Debug|Any CPU
		{0C0D7805-01F3-4785-91E3-0BD86A84ABFC}.Debug|Any CPU.Build.0 = Debug|Any CPU
		{0C0D7805-01F3-4785-91E3-0BD86A84ABFC}.Release|Any CPU.ActiveCfg = Release|Any CPU
		{0C0D7805-01F3-4785-91E3-0BD86A84ABFC}.Release|Any CPU.Build.0 = Release|Any CPU
	EndGlobalSection
	GlobalSection(SolutionProperties) = preSolution
		HideSolutionNode = FALSE
	EndGlobalSection
	GlobalSection(ExtensibilityGlobals) = postSolution
		SolutionGuid = {CDB8A632-5D78-4AF4-8A9C-3E762AEA1052}
	EndGlobalSection
EndGlobal
